
Microsoft Visual Studio Solution File, Format Version 12.00
# Visual Studio 15
VisualStudioVersion = 15.0.28307.1062
MinimumVisualStudioVersion = 10.0.40219.1
Project("{FAE04EC0-301F-11D3-BF4B-00C04F79EFBC}") = "CompleteCupheadCsharp", "CompleteCupheadCsharp\CompleteCupheadCsharp.csproj", "{A8334532-4625-4290-AEE5-293A0D202F2C}"
EndProject
Global
	GlobalSection(SolutionConfigurationPlatforms) = preSolution
		Debug|Any CPU = Debug|Any CPU
		Release|Any CPU = Release|Any CPU
	EndGlobalSection
	GlobalSection(ProjectConfigurationPlatforms) = postSolution
		{A8334532-4625-4290-AEE5-293A0D202F2C}.Debug|Any CPU.ActiveCfg = Debug|Any CPU
		{A8334532-4625-4290-AEE5-293A0D202F2C}.Debug|Any CPU.Build.0 = Debug|Any CPU
		{A8334532-4625-4290-AEE5-293A0D202F2C}.Release|Any CPU.ActiveCfg = Release|Any CPU
		{A8334532-4625-4290-AEE5-293A0D202F2C}.Release|Any CPU.Build.0 = Release|Any CPU
	EndGlobalSection
	GlobalSection(SolutionProperties) = preSolution
		HideSolutionNode = FALSE
	EndGlobalSection
	GlobalSection(ExtensibilityGlobals) = postSolution
		SolutionGuid = {1D716773-5F0C-4D15-8739-DA33D27EF0B3}
	EndGlobalSection
EndGlobal
